// !$*UTF8*$!
{
	archiveVersion = 1;
	classes = {
	};
	objectVersion = 46;
	objects = {

/* Begin PBXBuildFile section */
		5F1CB1FF1C56552C00650671 /* main.m in Sources */ = {isa = PBXBuildFile; fileRef = 5F1CB1FE1C56552C00650671 /* main.m */; };
		5F1CB2021C56552C00650671 /* AppDelegate.m in Sources */ = {isa = PBXBuildFile; fileRef = 5F1CB2011C56552C00650671 /* AppDelegate.m */; };
		5F1CB2051C56552C00650671 /* ViewController.m in Sources */ = {isa = PBXBuildFile; fileRef = 5F1CB2041C56552C00650671 /* ViewController.m */; };
		5F1CB2081C56552C00650671 /* Main.storyboard in Resources */ = {isa = PBXBuildFile; fileRef = 5F1CB2061C56552C00650671 /* Main.storyboard */; };
		5F1CB20A1C56552C00650671 /* Assets.xcassets in Resources */ = {isa = PBXBuildFile; fileRef = 5F1CB2091C56552C00650671 /* Assets.xcassets */; };
		5F1CB20D1C56552C00650671 /* LaunchScreen.storyboard in Resources */ = {isa = PBXBuildFile; fileRef = 5F1CB20B1C56552C00650671 /* LaunchScreen.storyboard */; };
		5F1CB2181C56552C00650671 /* Parking_AppTests.m in Sources */ = {isa = PBXBuildFile; fileRef = 5F1CB2171C56552C00650671 /* Parking_AppTests.m */; };
		5F1CB2231C56552C00650671 /* Parking_AppUITests.m in Sources */ = {isa = PBXBuildFile; fileRef = 5F1CB2221C56552C00650671 /* Parking_AppUITests.m */; };
		5F1CB2321C56559600650671 /* Vehicle.m in Sources */ = {isa = PBXBuildFile; fileRef = 5F1CB2311C56559600650671 /* Vehicle.m */; };
		5F672AC31C5A6E0000FF9D9F /* VehicleListViewController.m in Sources */ = {isa = PBXBuildFile; fileRef = 5F672AC21C5A6E0000FF9D9F /* VehicleListViewController.m */; };
		5F716A3F1C58D5E5007C63F1 /* ValidateDataUtil.m in Sources */ = {isa = PBXBuildFile; fileRef = 5F716A3E1C58D5E5007C63F1 /* ValidateDataUtil.m */; };
		5F802A911C57C7B900CE362C /* ParkingViewController.m in Sources */ = {isa = PBXBuildFile; fileRef = 5F802A901C57C7B900CE362C /* ParkingViewController.m */; };
		8357503D1C6C969400ADF5CB /* DataErrorView.xib in Resources */ = {isa = PBXBuildFile; fileRef = 8357503C1C6C969400ADF5CB /* DataErrorView.xib */; };
		835750401C6C96A600ADF5CB /* DataErrorView.m in Sources */ = {isa = PBXBuildFile; fileRef = 8357503F1C6C96A600ADF5CB /* DataErrorView.m */; };
		8359C0E91C777E230058A029 /* FlickrImage.m in Sources */ = {isa = PBXBuildFile; fileRef = 8359C0E81C777E230058A029 /* FlickrImage.m */; };
		835A7FF11C6398A900CE49A1 /* ParkingLot.m in Sources */ = {isa = PBXBuildFile; fileRef = 835A7FF01C6398A900CE49A1 /* ParkingLot.m */; };
		835ED7E61C74B56B0009709E /* CustomTableViewCell.xib in Resources */ = {isa = PBXBuildFile; fileRef = 835ED7E51C74B56B0009709E /* CustomTableViewCell.xib */; };
		836DF0E61C69F91400A9E862 /* CustomTableViewCell.m in Sources */ = {isa = PBXBuildFile; fileRef = 836DF0E51C69F91400A9E862 /* CustomTableViewCell.m */; };
		837588061C8472DA001E1AA6 /* VehicleGalleryViewController.m in Sources */ = {isa = PBXBuildFile; fileRef = 837588051C8472DA001E1AA6 /* VehicleGalleryViewController.m */; };
		837588091C8473F6001E1AA6 /* VehicleGalleryScrollView.m in Sources */ = {isa = PBXBuildFile; fileRef = 837588081C8473F6001E1AA6 /* VehicleGalleryScrollView.m */; };
		8375880C1C847585001E1AA6 /* GalleryCell.m in Sources */ = {isa = PBXBuildFile; fileRef = 8375880B1C847585001E1AA6 /* GalleryCell.m */; };
		83825A401C85CD1C00797E96 /* GalleryCell.xib in Resources */ = {isa = PBXBuildFile; fileRef = 83825A3F1C85CD1C00797E96 /* GalleryCell.xib */; };
		839AFAAA1C7B3E6C005E05C8 /* WebServiceManager.m in Sources */ = {isa = PBXBuildFile; fileRef = 839AFAA91C7B3E6C005E05C8 /* WebServiceManager.m */; };
		C15432632ADA7CB7D8D2B43D /* Pods_Parking_App.framework in Frameworks */ = {isa = PBXBuildFile; fileRef = B3226E22E40A78000F61C128 /* Pods_Parking_App.framework */; };
/* End PBXBuildFile section */

/* Begin PBXContainerItemProxy section */
		5F1CB2141C56552C00650671 /* PBXContainerItemProxy */ = {
			isa = PBXContainerItemProxy;
			containerPortal = 5F1CB1F21C56552C00650671 /* Project object */;
			proxyType = 1;
			remoteGlobalIDString = 5F1CB1F91C56552C00650671;
			remoteInfo = "Parking App";
		};
		5F1CB21F1C56552C00650671 /* PBXContainerItemProxy */ = {
			isa = PBXContainerItemProxy;
			containerPortal = 5F1CB1F21C56552C00650671 /* Project object */;
			proxyType = 1;
			remoteGlobalIDString = 5F1CB1F91C56552C00650671;
			remoteInfo = "Parking App";
		};
/* End PBXContainerItemProxy section */

/* Begin PBXFileReference section */
		5F1CB1FA1C56552C00650671 /* Parking App.app */ = {isa = PBXFileReference; explicitFileType = wrapper.application; includeInIndex = 0; path = "Parking App.app"; sourceTree = BUILT_PRODUCTS_DIR; };
		5F1CB1FE1C56552C00650671 /* main.m */ = {isa = PBXFileReference; lastKnownFileType = sourcecode.c.objc; path = main.m; sourceTree = "<group>"; };
		5F1CB2001C56552C00650671 /* AppDelegate.h */ = {isa = PBXFileReference; lastKnownFileType = sourcecode.c.h; path = AppDelegate.h; sourceTree = "<group>"; };
		5F1CB2011C56552C00650671 /* AppDelegate.m */ = {isa = PBXFileReference; lastKnownFileType = sourcecode.c.objc; path = AppDelegate.m; sourceTree = "<group>"; };
		5F1CB2031C56552C00650671 /* ViewController.h */ = {isa = PBXFileReference; lastKnownFileType = sourcecode.c.h; path = ViewController.h; sourceTree = "<group>"; };
		5F1CB2041C56552C00650671 /* ViewController.m */ = {isa = PBXFileReference; lastKnownFileType = sourcecode.c.objc; path = ViewController.m; sourceTree = "<group>"; };
		5F1CB2071C56552C00650671 /* Base */ = {isa = PBXFileReference; lastKnownFileType = file.storyboard; name = Base; path = Base.lproj/Main.storyboard; sourceTree = "<group>"; };
		5F1CB2091C56552C00650671 /* Assets.xcassets */ = {isa = PBXFileReference; lastKnownFileType = folder.assetcatalog; path = Assets.xcassets; sourceTree = "<group>"; };
		5F1CB20C1C56552C00650671 /* Base */ = {isa = PBXFileReference; lastKnownFileType = file.storyboard; name = Base; path = Base.lproj/LaunchScreen.storyboard; sourceTree = "<group>"; };
		5F1CB20E1C56552C00650671 /* Info.plist */ = {isa = PBXFileReference; lastKnownFileType = text.plist.xml; path = Info.plist; sourceTree = "<group>"; };
		5F1CB2131C56552C00650671 /* Parking AppTests.xctest */ = {isa = PBXFileReference; explicitFileType = wrapper.cfbundle; includeInIndex = 0; path = "Parking AppTests.xctest"; sourceTree = BUILT_PRODUCTS_DIR; };
		5F1CB2171C56552C00650671 /* Parking_AppTests.m */ = {isa = PBXFileReference; lastKnownFileType = sourcecode.c.objc; path = Parking_AppTests.m; sourceTree = "<group>"; };
		5F1CB2191C56552C00650671 /* Info.plist */ = {isa = PBXFileReference; lastKnownFileType = text.plist.xml; path = Info.plist; sourceTree = "<group>"; };
		5F1CB21E1C56552C00650671 /* Parking AppUITests.xctest */ = {isa = PBXFileReference; explicitFileType = wrapper.cfbundle; includeInIndex = 0; path = "Parking AppUITests.xctest"; sourceTree = BUILT_PRODUCTS_DIR; };
		5F1CB2221C56552C00650671 /* Parking_AppUITests.m */ = {isa = PBXFileReference; lastKnownFileType = sourcecode.c.objc; path = Parking_AppUITests.m; sourceTree = "<group>"; };
		5F1CB2241C56552C00650671 /* Info.plist */ = {isa = PBXFileReference; lastKnownFileType = text.plist.xml; path = Info.plist; sourceTree = "<group>"; };
		5F1CB2301C56559600650671 /* Vehicle.h */ = {isa = PBXFileReference; fileEncoding = 4; lastKnownFileType = sourcecode.c.h; path = Vehicle.h; sourceTree = "<group>"; };
		5F1CB2311C56559600650671 /* Vehicle.m */ = {isa = PBXFileReference; fileEncoding = 4; lastKnownFileType = sourcecode.c.objc; path = Vehicle.m; sourceTree = "<group>"; };
		5F672AC11C5A6E0000FF9D9F /* VehicleListViewController.h */ = {isa = PBXFileReference; fileEncoding = 4; lastKnownFileType = sourcecode.c.h; path = VehicleListViewController.h; sourceTree = "<group>"; };
		5F672AC21C5A6E0000FF9D9F /* VehicleListViewController.m */ = {isa = PBXFileReference; fileEncoding = 4; lastKnownFileType = sourcecode.c.objc; path = VehicleListViewController.m; sourceTree = "<group>"; };
		5F716A3D1C58D5E5007C63F1 /* ValidateDataUtil.h */ = {isa = PBXFileReference; fileEncoding = 4; lastKnownFileType = sourcecode.c.h; path = ValidateDataUtil.h; sourceTree = "<group>"; };
		5F716A3E1C58D5E5007C63F1 /* ValidateDataUtil.m */ = {isa = PBXFileReference; fileEncoding = 4; lastKnownFileType = sourcecode.c.objc; path = ValidateDataUtil.m; sourceTree = "<group>"; };
		5F802A8F1C57C7B900CE362C /* ParkingViewController.h */ = {isa = PBXFileReference; fileEncoding = 4; lastKnownFileType = sourcecode.c.h; path = ParkingViewController.h; sourceTree = "<group>"; };
		5F802A901C57C7B900CE362C /* ParkingViewController.m */ = {isa = PBXFileReference; fileEncoding = 4; lastKnownFileType = sourcecode.c.objc; path = ParkingViewController.m; sourceTree = "<group>"; };
		8357503C1C6C969400ADF5CB /* DataErrorView.xib */ = {isa = PBXFileReference; fileEncoding = 4; lastKnownFileType = file.xib; path = DataErrorView.xib; sourceTree = "<group>"; };
		8357503E1C6C96A600ADF5CB /* DataErrorView.h */ = {isa = PBXFileReference; fileEncoding = 4; lastKnownFileType = sourcecode.c.h; path = DataErrorView.h; sourceTree = "<group>"; };
		8357503F1C6C96A600ADF5CB /* DataErrorView.m */ = {isa = PBXFileReference; fileEncoding = 4; lastKnownFileType = sourcecode.c.objc; path = DataErrorView.m; sourceTree = "<group>"; };
		8359C0E71C777E230058A029 /* FlickrImage.h */ = {isa = PBXFileReference; fileEncoding = 4; lastKnownFileType = sourcecode.c.h; path = FlickrImage.h; sourceTree = "<group>"; };
		8359C0E81C777E230058A029 /* FlickrImage.m */ = {isa = PBXFileReference; fileEncoding = 4; lastKnownFileType = sourcecode.c.objc; path = FlickrImage.m; sourceTree = "<group>"; };
		835A7FEF1C6398A900CE49A1 /* ParkingLot.h */ = {isa = PBXFileReference; fileEncoding = 4; lastKnownFileType = sourcecode.c.h; path = ParkingLot.h; sourceTree = "<group>"; };
		835A7FF01C6398A900CE49A1 /* ParkingLot.m */ = {isa = PBXFileReference; fileEncoding = 4; lastKnownFileType = sourcecode.c.objc; path = ParkingLot.m; sourceTree = "<group>"; };
		835ED7E51C74B56B0009709E /* CustomTableViewCell.xib */ = {isa = PBXFileReference; fileEncoding = 4; lastKnownFileType = file.xib; path = CustomTableViewCell.xib; sourceTree = "<group>"; };
		836DF0E41C69F91400A9E862 /* CustomTableViewCell.h */ = {isa = PBXFileReference; fileEncoding = 4; lastKnownFileType = sourcecode.c.h; path = CustomTableViewCell.h; sourceTree = "<group>"; };
		836DF0E51C69F91400A9E862 /* CustomTableViewCell.m */ = {isa = PBXFileReference; fileEncoding = 4; lastKnownFileType = sourcecode.c.objc; path = CustomTableViewCell.m; sourceTree = "<group>"; };
		837588041C8472DA001E1AA6 /* VehicleGalleryViewController.h */ = {isa = PBXFileReference; fileEncoding = 4; lastKnownFileType = sourcecode.c.h; path = VehicleGalleryViewController.h; sourceTree = "<group>"; };
		837588051C8472DA001E1AA6 /* VehicleGalleryViewController.m */ = {isa = PBXFileReference; fileEncoding = 4; lastKnownFileType = sourcecode.c.objc; path = VehicleGalleryViewController.m; sourceTree = "<group>"; };
		837588071C8473F6001E1AA6 /* VehicleGalleryScrollView.h */ = {isa = PBXFileReference; fileEncoding = 4; lastKnownFileType = sourcecode.c.h; path = VehicleGalleryScrollView.h; sourceTree = "<group>"; };
		837588081C8473F6001E1AA6 /* VehicleGalleryScrollView.m */ = {isa = PBXFileReference; fileEncoding = 4; lastKnownFileType = sourcecode.c.objc; path = VehicleGalleryScrollView.m; sourceTree = "<group>"; };
		8375880A1C847585001E1AA6 /* GalleryCell.h */ = {isa = PBXFileReference; fileEncoding = 4; lastKnownFileType = sourcecode.c.h; path = GalleryCell.h; sourceTree = "<group>"; };
		8375880B1C847585001E1AA6 /* GalleryCell.m */ = {isa = PBXFileReference; fileEncoding = 4; lastKnownFileType = sourcecode.c.objc; path = GalleryCell.m; sourceTree = "<group>"; };
		83825A3F1C85CD1C00797E96 /* GalleryCell.xib */ = {isa = PBXFileReference; fileEncoding = 4; lastKnownFileType = file.xib; path = GalleryCell.xib; sourceTree = "<group>"; };
		839AFAA81C7B3E6C005E05C8 /* WebServiceManager.h */ = {isa = PBXFileReference; fileEncoding = 4; lastKnownFileType = sourcecode.c.h; path = WebServiceManager.h; sourceTree = "<group>"; };
		839AFAA91C7B3E6C005E05C8 /* WebServiceManager.m */ = {isa = PBXFileReference; fileEncoding = 4; lastKnownFileType = sourcecode.c.objc; path = WebServiceManager.m; sourceTree = "<group>"; };
		9123FBEF00113A1A27F5853C /* Pods-Parking App.release.xcconfig */ = {isa = PBXFileReference; includeInIndex = 1; lastKnownFileType = text.xcconfig; name = "Pods-Parking App.release.xcconfig"; path = "Pods/Target Support Files/Pods-Parking App/Pods-Parking App.release.xcconfig"; sourceTree = "<group>"; };
		9B2CAFBE553B3FE402DD981C /* Pods-Parking App.debug.xcconfig */ = {isa = PBXFileReference; includeInIndex = 1; lastKnownFileType = text.xcconfig; name = "Pods-Parking App.debug.xcconfig"; path = "Pods/Target Support Files/Pods-Parking App/Pods-Parking App.debug.xcconfig"; sourceTree = "<group>"; };
		B3226E22E40A78000F61C128 /* Pods_Parking_App.framework */ = {isa = PBXFileReference; explicitFileType = wrapper.framework; includeInIndex = 0; path = Pods_Parking_App.framework; sourceTree = BUILT_PRODUCTS_DIR; };
/* End PBXFileReference section */

/* Begin PBXFrameworksBuildPhase section */
		5F1CB1F71C56552C00650671 /* Frameworks */ = {
			isa = PBXFrameworksBuildPhase;
			buildActionMask = 2147483647;
			files = (
				C15432632ADA7CB7D8D2B43D /* Pods_Parking_App.framework in Frameworks */,
			);
			runOnlyForDeploymentPostprocessing = 0;
		};
		5F1CB2101C56552C00650671 /* Frameworks */ = {
			isa = PBXFrameworksBuildPhase;
			buildActionMask = 2147483647;
			files = (
			);
			runOnlyForDeploymentPostprocessing = 0;
		};
		5F1CB21B1C56552C00650671 /* Frameworks */ = {
			isa = PBXFrameworksBuildPhase;
			buildActionMask = 2147483647;
			files = (
			);
			runOnlyForDeploymentPostprocessing = 0;
		};
/* End PBXFrameworksBuildPhase section */

/* Begin PBXGroup section */
		2B6512C5473C9D993FAB5C2F /* Frameworks */ = {
			isa = PBXGroup;
			children = (
				B3226E22E40A78000F61C128 /* Pods_Parking_App.framework */,
			);
			name = Frameworks;
			sourceTree = "<group>";
		};
		56AE4B9A8E4E10CF6D02B43B /* Pods */ = {
			isa = PBXGroup;
			children = (
				9B2CAFBE553B3FE402DD981C /* Pods-Parking App.debug.xcconfig */,
				9123FBEF00113A1A27F5853C /* Pods-Parking App.release.xcconfig */,
			);
			name = Pods;
			sourceTree = "<group>";
		};
		5F1CB1F11C56552C00650671 = {
			isa = PBXGroup;
			children = (
				5F1CB1FC1C56552C00650671 /* Parking App */,
				5F1CB2161C56552C00650671 /* Parking AppTests */,
				5F1CB2211C56552C00650671 /* Parking AppUITests */,
				5F1CB1FB1C56552C00650671 /* Products */,
				56AE4B9A8E4E10CF6D02B43B /* Pods */,
				2B6512C5473C9D993FAB5C2F /* Frameworks */,
			);
			sourceTree = "<group>";
		};
		5F1CB1FB1C56552C00650671 /* Products */ = {
			isa = PBXGroup;
			children = (
				5F1CB1FA1C56552C00650671 /* Parking App.app */,
				5F1CB2131C56552C00650671 /* Parking AppTests.xctest */,
				5F1CB21E1C56552C00650671 /* Parking AppUITests.xctest */,
			);
			name = Products;
			sourceTree = "<group>";
		};
		5F1CB1FC1C56552C00650671 /* Parking App */ = {
			isa = PBXGroup;
			children = (
				5F716A3C1C58D19D007C63F1 /* Utility */,
				5F1CB2001C56552C00650671 /* AppDelegate.h */,
				5F1CB2011C56552C00650671 /* AppDelegate.m */,
				5F1CB2061C56552C00650671 /* Main.storyboard */,
				5F1CB2091C56552C00650671 /* Assets.xcassets */,
				5F1CB20B1C56552C00650671 /* LaunchScreen.storyboard */,
				5F1CB20E1C56552C00650671 /* Info.plist */,
				5F672ABD1C5A6D4A00FF9D9F /* ViewControllers */,
				836DF0EF1C6A4CCC00A9E862 /* Views */,
				83CE59CF1C620B23009FDD1C /* Model */,
				5F1CB1FD1C56552C00650671 /* Supporting Files */,
			);
			path = "Parking App";
			sourceTree = "<group>";
		};
		5F1CB1FD1C56552C00650671 /* Supporting Files */ = {
			isa = PBXGroup;
			children = (
				5F1CB1FE1C56552C00650671 /* main.m */,
			);
			name = "Supporting Files";
			sourceTree = "<group>";
		};
		5F1CB2161C56552C00650671 /* Parking AppTests */ = {
			isa = PBXGroup;
			children = (
				5F1CB2171C56552C00650671 /* Parking_AppTests.m */,
				5F1CB2191C56552C00650671 /* Info.plist */,
			);
			path = "Parking AppTests";
			sourceTree = "<group>";
		};
		5F1CB2211C56552C00650671 /* Parking AppUITests */ = {
			isa = PBXGroup;
			children = (
				5F1CB2221C56552C00650671 /* Parking_AppUITests.m */,
				5F1CB2241C56552C00650671 /* Info.plist */,
			);
			path = "Parking AppUITests";
			sourceTree = "<group>";
		};
		5F672ABD1C5A6D4A00FF9D9F /* ViewControllers */ = {
			isa = PBXGroup;
			children = (
				5F1CB2031C56552C00650671 /* ViewController.h */,
				5F1CB2041C56552C00650671 /* ViewController.m */,
				5F802A8F1C57C7B900CE362C /* ParkingViewController.h */,
				5F802A901C57C7B900CE362C /* ParkingViewController.m */,
				5F672AC11C5A6E0000FF9D9F /* VehicleListViewController.h */,
				5F672AC21C5A6E0000FF9D9F /* VehicleListViewController.m */,
				837588041C8472DA001E1AA6 /* VehicleGalleryViewController.h */,
				837588051C8472DA001E1AA6 /* VehicleGalleryViewController.m */,
			);
			name = ViewControllers;
			sourceTree = "<group>";
		};
		5F716A3C1C58D19D007C63F1 /* Utility */ = {
			isa = PBXGroup;
			children = (
				5F716A3D1C58D5E5007C63F1 /* ValidateDataUtil.h */,
				5F716A3E1C58D5E5007C63F1 /* ValidateDataUtil.m */,
			);
			name = Utility;
			sourceTree = "<group>";
		};
		836DF0EF1C6A4CCC00A9E862 /* Views */ = {
			isa = PBXGroup;
			children = (
				837588071C8473F6001E1AA6 /* VehicleGalleryScrollView.h */,
				837588081C8473F6001E1AA6 /* VehicleGalleryScrollView.m */,
				8357503E1C6C96A600ADF5CB /* DataErrorView.h */,
				8357503F1C6C96A600ADF5CB /* DataErrorView.m */,
				8357503C1C6C969400ADF5CB /* DataErrorView.xib */,
				835ED7E51C74B56B0009709E /* CustomTableViewCell.xib */,
				8375880A1C847585001E1AA6 /* GalleryCell.h */,
				8375880B1C847585001E1AA6 /* GalleryCell.m */,
				83825A3F1C85CD1C00797E96 /* GalleryCell.xib */,
			);
			name = Views;
			sourceTree = "<group>";
		};
		83CE59CF1C620B23009FDD1C /* Model */ = {
			isa = PBXGroup;
			children = (
				5F1CB2301C56559600650671 /* Vehicle.h */,
				5F1CB2311C56559600650671 /* Vehicle.m */,
				835A7FEF1C6398A900CE49A1 /* ParkingLot.h */,
				835A7FF01C6398A900CE49A1 /* ParkingLot.m */,
				8359C0E71C777E230058A029 /* FlickrImage.h */,
				8359C0E81C777E230058A029 /* FlickrImage.m */,
				836DF0E41C69F91400A9E862 /* CustomTableViewCell.h */,
				836DF0E51C69F91400A9E862 /* CustomTableViewCell.m */,
				839AFAA81C7B3E6C005E05C8 /* WebServiceManager.h */,
				839AFAA91C7B3E6C005E05C8 /* WebServiceManager.m */,
			);
			name = Model;
			sourceTree = "<group>";
		};
/* End PBXGroup section */

/* Begin PBXNativeTarget section */
		5F1CB1F91C56552C00650671 /* Parking App */ = {
			isa = PBXNativeTarget;
			buildConfigurationList = 5F1CB2271C56552C00650671 /* Build configuration list for PBXNativeTarget "Parking App" */;
			buildPhases = (
				3423EE6B644F8CC504D434C8 /* Check Pods Manifest.lock */,
				5F1CB1F61C56552C00650671 /* Sources */,
				5F1CB1F71C56552C00650671 /* Frameworks */,
				5F1CB1F81C56552C00650671 /* Resources */,
				CD4BFE8F08E792CE3C2329C7 /* Embed Pods Frameworks */,
				2AFDD9DAB77E4D61C8A462E7 /* Copy Pods Resources */,
			);
			buildRules = (
			);
			dependencies = (
			);
			name = "Parking App";
			productName = "Parking App";
			productReference = 5F1CB1FA1C56552C00650671 /* Parking App.app */;
			productType = "com.apple.product-type.application";
		};
		5F1CB2121C56552C00650671 /* Parking AppTests */ = {
			isa = PBXNativeTarget;
			buildConfigurationList = 5F1CB22A1C56552C00650671 /* Build configuration list for PBXNativeTarget "Parking AppTests" */;
			buildPhases = (
				5F1CB20F1C56552C00650671 /* Sources */,
				5F1CB2101C56552C00650671 /* Frameworks */,
				5F1CB2111C56552C00650671 /* Resources */,
			);
			buildRules = (
			);
			dependencies = (
				5F1CB2151C56552C00650671 /* PBXTargetDependency */,
			);
			name = "Parking AppTests";
			productName = "Parking AppTests";
			productReference = 5F1CB2131C56552C00650671 /* Parking AppTests.xctest */;
			productType = "com.apple.product-type.bundle.unit-test";
		};
		5F1CB21D1C56552C00650671 /* Parking AppUITests */ = {
			isa = PBXNativeTarget;
			buildConfigurationList = 5F1CB22D1C56552C00650671 /* Build configuration list for PBXNativeTarget "Parking AppUITests" */;
			buildPhases = (
				5F1CB21A1C56552C00650671 /* Sources */,
				5F1CB21B1C56552C00650671 /* Frameworks */,
				5F1CB21C1C56552C00650671 /* Resources */,
			);
			buildRules = (
			);
			dependencies = (
				5F1CB2201C56552C00650671 /* PBXTargetDependency */,
			);
			name = "Parking AppUITests";
			productName = "Parking AppUITests";
			productReference = 5F1CB21E1C56552C00650671 /* Parking AppUITests.xctest */;
			productType = "com.apple.product-type.bundle.ui-testing";
		};
/* End PBXNativeTarget section */

/* Begin PBXProject section */
		5F1CB1F21C56552C00650671 /* Project object */ = {
			isa = PBXProject;
			attributes = {
				LastUpgradeCheck = 0720;
				ORGANIZATIONNAME = "Yavor Aleksiev";
				TargetAttributes = {
					5F1CB1F91C56552C00650671 = {
						CreatedOnToolsVersion = 7.2;
					};
					5F1CB2121C56552C00650671 = {
						CreatedOnToolsVersion = 7.2;
						TestTargetID = 5F1CB1F91C56552C00650671;
					};
					5F1CB21D1C56552C00650671 = {
						CreatedOnToolsVersion = 7.2;
						TestTargetID = 5F1CB1F91C56552C00650671;
					};
				};
			};
			buildConfigurationList = 5F1CB1F51C56552C00650671 /* Build configuration list for PBXProject "Parking App" */;
			compatibilityVersion = "Xcode 3.2";
			developmentRegion = English;
			hasScannedForEncodings = 0;
			knownRegions = (
				en,
				Base,
			);
			mainGroup = 5F1CB1F11C56552C00650671;
			productRefGroup = 5F1CB1FB1C56552C00650671 /* Products */;
			projectDirPath = "";
			projectRoot = "";
			targets = (
				5F1CB1F91C56552C00650671 /* Parking App */,
				5F1CB2121C56552C00650671 /* Parking AppTests */,
				5F1CB21D1C56552C00650671 /* Parking AppUITests */,
			);
		};
/* End PBXProject section */

/* Begin PBXResourcesBuildPhase section */
		5F1CB1F81C56552C00650671 /* Resources */ = {
			isa = PBXResourcesBuildPhase;
			buildActionMask = 2147483647;
			files = (
				5F1CB20D1C56552C00650671 /* LaunchScreen.storyboard in Resources */,
				8357503D1C6C969400ADF5CB /* DataErrorView.xib in Resources */,
				5F1CB20A1C56552C00650671 /* Assets.xcassets in Resources */,
				835ED7E61C74B56B0009709E /* CustomTableViewCell.xib in Resources */,
				83825A401C85CD1C00797E96 /* GalleryCell.xib in Resources */,
				5F1CB2081C56552C00650671 /* Main.storyboard in Resources */,
			);
			runOnlyForDeploymentPostprocessing = 0;
		};
		5F1CB2111C56552C00650671 /* Resources */ = {
			isa = PBXResourcesBuildPhase;
			buildActionMask = 2147483647;
			files = (
			);
			runOnlyForDeploymentPostprocessing = 0;
		};
		5F1CB21C1C56552C00650671 /* Resources */ = {
			isa = PBXResourcesBuildPhase;
			buildActionMask = 2147483647;
			files = (
			);
			runOnlyForDeploymentPostprocessing = 0;
		};
/* End PBXResourcesBuildPhase section */

/* Begin PBXShellScriptBuildPhase section */
		2AFDD9DAB77E4D61C8A462E7 /* Copy Pods Resources */ = {
			isa = PBXShellScriptBuildPhase;
			buildActionMask = 2147483647;
			files = (
			);
			inputPaths = (
			);
			name = "Copy Pods Resources";
			outputPaths = (
			);
			runOnlyForDeploymentPostprocessing = 0;
			shellPath = /bin/sh;
			shellScript = "\"${SRCROOT}/Pods/Target Support Files/Pods-Parking App/Pods-Parking App-resources.sh\"\n";
			showEnvVarsInLog = 0;
		};
		3423EE6B644F8CC504D434C8 /* Check Pods Manifest.lock */ = {
			isa = PBXShellScriptBuildPhase;
			buildActionMask = 2147483647;
			files = (
			);
			inputPaths = (
			);
			name = "Check Pods Manifest.lock";
			outputPaths = (
			);
			runOnlyForDeploymentPostprocessing = 0;
			shellPath = /bin/sh;
			shellScript = "diff \"${PODS_ROOT}/../Podfile.lock\" \"${PODS_ROOT}/Manifest.lock\" > /dev/null\nif [[ $? != 0 ]] ; then\n    cat << EOM\nerror: The sandbox is not in sync with the Podfile.lock. Run 'pod install' or update your CocoaPods installation.\nEOM\n    exit 1\nfi\n";
			showEnvVarsInLog = 0;
		};
		CD4BFE8F08E792CE3C2329C7 /* Embed Pods Frameworks */ = {
			isa = PBXShellScriptBuildPhase;
			buildActionMask = 2147483647;
			files = (
			);
			inputPaths = (
			);
			name = "Embed Pods Frameworks";
			outputPaths = (
			);
			runOnlyForDeploymentPostprocessing = 0;
			shellPath = /bin/sh;
			shellScript = "\"${SRCROOT}/Pods/Target Support Files/Pods-Parking App/Pods-Parking App-frameworks.sh\"\n";
			showEnvVarsInLog = 0;
		};
/* End PBXShellScriptBuildPhase section */

/* Begin PBXSourcesBuildPhase section */
		5F1CB1F61C56552C00650671 /* Sources */ = {
			isa = PBXSourcesBuildPhase;
			buildActionMask = 2147483647;
			files = (
				839AFAAA1C7B3E6C005E05C8 /* WebServiceManager.m in Sources */,
				5F1CB2321C56559600650671 /* Vehicle.m in Sources */,
				8359C0E91C777E230058A029 /* FlickrImage.m in Sources */,
				5F716A3F1C58D5E5007C63F1 /* ValidateDataUtil.m in Sources */,
				8375880C1C847585001E1AA6 /* GalleryCell.m in Sources */,
				835A7FF11C6398A900CE49A1 /* ParkingLot.m in Sources */,
				5F1CB2051C56552C00650671 /* ViewController.m in Sources */,
				5F672AC31C5A6E0000FF9D9F /* VehicleListViewController.m in Sources */,
				836DF0E61C69F91400A9E862 /* CustomTableViewCell.m in Sources */,
				5F802A911C57C7B900CE362C /* ParkingViewController.m in Sources */,
				835750401C6C96A600ADF5CB /* DataErrorView.m in Sources */,
				5F1CB2021C56552C00650671 /* AppDelegate.m in Sources */,
				837588091C8473F6001E1AA6 /* VehicleGalleryScrollView.m in Sources */,
				837588061C8472DA001E1AA6 /* VehicleGalleryViewController.m in Sources */,
				5F1CB1FF1C56552C00650671 /* main.m in Sources */,
			);
			runOnlyForDeploymentPostprocessing = 0;
		};
		5F1CB20F1C56552C00650671 /* Sources */ = {
			isa = PBXSourcesBuildPhase;
			buildActionMask = 2147483647;
			files = (
				5F1CB2181C56552C00650671 /* Parking_AppTests.m in Sources */,
			);
			runOnlyForDeploymentPostprocessing = 0;
		};
		5F1CB21A1C56552C00650671 /* Sources */ = {
			isa = PBXSourcesBuildPhase;
			buildActionMask = 2147483647;
			files = (
				5F1CB2231C56552C00650671 /* Parking_AppUITests.m in Sources */,
			);
			runOnlyForDeploymentPostprocessing = 0;
		};
/* End PBXSourcesBuildPhase section */

/* Begin PBXTargetDependency section */
		5F1CB2151C56552C00650671 /* PBXTargetDependency */ = {
			isa = PBXTargetDependency;
			target = 5F1CB1F91C56552C00650671 /* Parking App */;
			targetProxy = 5F1CB2141C56552C00650671 /* PBXContainerItemProxy */;
		};
		5F1CB2201C56552C00650671 /* PBXTargetDependency */ = {
			isa = PBXTargetDependency;
			target = 5F1CB1F91C56552C00650671 /* Parking App */;
			targetProxy = 5F1CB21F1C56552C00650671 /* PBXContainerItemProxy */;
		};
/* End PBXTargetDependency section */

/* Begin PBXVariantGroup section */
		5F1CB2061C56552C00650671 /* Main.storyboard */ = {
			isa = PBXVariantGroup;
			children = (
				5F1CB2071C56552C00650671 /* Base */,
			);
			name = Main.storyboard;
			sourceTree = "<group>";
		};
		5F1CB20B1C56552C00650671 /* LaunchScreen.storyboard */ = {
			isa = PBXVariantGroup;
			children = (
				5F1CB20C1C56552C00650671 /* Base */,
			);
			name = LaunchScreen.storyboard;
			sourceTree = "<group>";
		};
/* End PBXVariantGroup section */

/* Begin XCBuildConfiguration section */
		5F1CB2251C56552C00650671 /* Debug */ = {
			isa = XCBuildConfiguration;
			buildSettings = {
				ALWAYS_SEARCH_USER_PATHS = NO;
				CLANG_CXX_LANGUAGE_STANDARD = "gnu++0x";
				CLANG_CXX_LIBRARY = "libc++";
				CLANG_ENABLE_MODULES = YES;
				CLANG_ENABLE_OBJC_ARC = YES;
				CLANG_WARN_BOOL_CONVERSION = YES;
				CLANG_WARN_CONSTANT_CONVERSION = YES;
				CLANG_WARN_DIRECT_OBJC_ISA_USAGE = YES_ERROR;
				CLANG_WARN_EMPTY_BODY = YES;
				CLANG_WARN_ENUM_CONVERSION = YES;
				CLANG_WARN_INT_CONVERSION = YES;
				CLANG_WARN_OBJC_ROOT_CLASS = YES_ERROR;
				CLANG_WARN_UNREACHABLE_CODE = YES;
				CLANG_WARN__DUPLICATE_METHOD_MATCH = YES;
				"CODE_SIGN_IDENTITY[sdk=iphoneos*]" = "iPhone Developer";
				COPY_PHASE_STRIP = NO;
				DEBUG_INFORMATION_FORMAT = dwarf;
				ENABLE_STRICT_OBJC_MSGSEND = YES;
				ENABLE_TESTABILITY = YES;
				GCC_C_LANGUAGE_STANDARD = gnu99;
				GCC_DYNAMIC_NO_PIC = NO;
				GCC_NO_COMMON_BLOCKS = YES;
				GCC_OPTIMIZATION_LEVEL = 0;
				GCC_PREPROCESSOR_DEFINITIONS = (
					"DEBUG=1",
					"$(inherited)",
				);
				GCC_WARN_64_TO_32_BIT_CONVERSION = YES;
				GCC_WARN_ABOUT_RETURN_TYPE = YES_ERROR;
				GCC_WARN_UNDECLARED_SELECTOR = YES;
				GCC_WARN_UNINITIALIZED_AUTOS = YES_AGGRESSIVE;
				GCC_WARN_UNUSED_FUNCTION = YES;
				GCC_WARN_UNUSED_VARIABLE = YES;
				IPHONEOS_DEPLOYMENT_TARGET = 9.2;
				MTL_ENABLE_DEBUG_INFO = YES;
				ONLY_ACTIVE_ARCH = YES;
				SDKROOT = iphoneos;
			};
			name = Debug;
		};
		5F1CB2261C56552C00650671 /* Release */ = {
			isa = XCBuildConfiguration;
			buildSettings = {
				ALWAYS_SEARCH_USER_PATHS = NO;
				CLANG_CXX_LANGUAGE_STANDARD = "gnu++0x";
				CLANG_CXX_LIBRARY = "libc++";
				CLANG_ENABLE_MODULES = YES;
				CLANG_ENABLE_OBJC_ARC = YES;
				CLANG_WARN_BOOL_CONVERSION = YES;
				CLANG_WARN_CONSTANT_CONVERSION = YES;
				CLANG_WARN_DIRECT_OBJC_ISA_USAGE = YES_ERROR;
				CLANG_WARN_EMPTY_BODY = YES;
				CLANG_WARN_ENUM_CONVERSION = YES;
				CLANG_WARN_INT_CONVERSION = YES;
				CLANG_WARN_OBJC_ROOT_CLASS = YES_ERROR;
				CLANG_WARN_UNREACHABLE_CODE = YES;
				CLANG_WARN__DUPLICATE_METHOD_MATCH = YES;
				"CODE_SIGN_IDENTITY[sdk=iphoneos*]" = "iPhone Developer";
				COPY_PHASE_STRIP = NO;
				DEBUG_INFORMATION_FORMAT = "dwarf-with-dsym";
				ENABLE_NS_ASSERTIONS = NO;
				ENABLE_STRICT_OBJC_MSGSEND = YES;
				GCC_C_LANGUAGE_STANDARD = gnu99;
				GCC_NO_COMMON_BLOCKS = YES;
				GCC_WARN_64_TO_32_BIT_CONVERSION = YES;
				GCC_WARN_ABOUT_RETURN_TYPE = YES_ERROR;
				GCC_WARN_UNDECLARED_SELECTOR = YES;
				GCC_WARN_UNINITIALIZED_AUTOS = YES_AGGRESSIVE;
				GCC_WARN_UNUSED_FUNCTION = YES;
				GCC_WARN_UNUSED_VARIABLE = YES;
				IPHONEOS_DEPLOYMENT_TARGET = 9.2;
				MTL_ENABLE_DEBUG_INFO = NO;
				SDKROOT = iphoneos;
				VALIDATE_PRODUCT = YES;
			};
			name = Release;
		};
		5F1CB2281C56552C00650671 /* Debug */ = {
			isa = XCBuildConfiguration;
			baseConfigurationReference = 9B2CAFBE553B3FE402DD981C /* Pods-Parking App.debug.xcconfig */;
			buildSettings = {
				ASSETCATALOG_COMPILER_APPICON_NAME = AppIcon;
				INFOPLIST_FILE = "Parking App/Info.plist";
				LD_RUNPATH_SEARCH_PATHS = "$(inherited) @executable_path/Frameworks";
				PRODUCT_BUNDLE_IDENTIFIER = "com.yavche.Parking-App";
				PRODUCT_NAME = "$(TARGET_NAME)";
			};
			name = Debug;
		};
		5F1CB2291C56552C00650671 /* Release */ = {
			isa = XCBuildConfiguration;
			baseConfigurationReference = 9123FBEF00113A1A27F5853C /* Pods-Parking App.release.xcconfig */;
			buildSettings = {
				ASSETCATALOG_COMPILER_APPICON_NAME = AppIcon;
				INFOPLIST_FILE = "Parking App/Info.plist";
				LD_RUNPATH_SEARCH_PATHS = "$(inherited) @executable_path/Frameworks";
				PRODUCT_BUNDLE_IDENTIFIER = "com.yavche.Parking-App";
				PRODUCT_NAME = "$(TARGET_NAME)";
			};
			name = Release;
		};
		5F1CB22B1C56552C00650671 /* Debug */ = {
			isa = XCBuildConfiguration;
			buildSettings = {
				BUNDLE_LOADER = "$(TEST_HOST)";
				INFOPLIST_FILE = "Parking AppTests/Info.plist";
				LD_RUNPATH_SEARCH_PATHS = "$(inherited) @executable_path/Frameworks @loader_path/Frameworks";
				PRODUCT_BUNDLE_IDENTIFIER = "com.yavche.Parking-AppTests";
				PRODUCT_NAME = "$(TARGET_NAME)";
				TEST_HOST = "$(BUILT_PRODUCTS_DIR)/Parking App.app/Parking App";
			};
			name = Debug;
		};
		5F1CB22C1C56552C00650671 /* Release */ = {
			isa = XCBuildConfiguration;
			buildSettings = {
				BUNDLE_LOADER = "$(TEST_HOST)";
				INFOPLIST_FILE = "Parking AppTests/Info.plist";
				LD_RUNPATH_SEARCH_PATHS = "$(inherited) @executable_path/Frameworks @loader_path/Frameworks";
				PRODUCT_BUNDLE_IDENTIFIER = "com.yavche.Parking-AppTests";
				PRODUCT_NAME = "$(TARGET_NAME)";
				TEST_HOST = "$(BUILT_PRODUCTS_DIR)/Parking App.app/Parking App";
			};
			name = Release;
		};
		5F1CB22E1C56552C00650671 /* Debug */ = {
			isa = XCBuildConfiguration;
			buildSettings = {
				INFOPLIST_FILE = "Parking AppUITests/Info.plist";
				LD_RUNPATH_SEARCH_PATHS = "$(inherited) @executable_path/Frameworks @loader_path/Frameworks";
				PRODUCT_BUNDLE_IDENTIFIER = "com.yavche.Parking-AppUITests";
				PRODUCT_NAME = "$(TARGET_NAME)";
				TEST_TARGET_NAME = "Parking App";
				USES_XCTRUNNER = YES;
			};
			name = Debug;
		};
		5F1CB22F1C56552C00650671 /* Release */ = {
			isa = XCBuildConfiguration;
			buildSettings = {
				INFOPLIST_FILE = "Parking AppUITests/Info.plist";
				LD_RUNPATH_SEARCH_PATHS = "$(inherited) @executable_path/Frameworks @loader_path/Frameworks";
				PRODUCT_BUNDLE_IDENTIFIER = "com.yavche.Parking-AppUITests";
				PRODUCT_NAME = "$(TARGET_NAME)";
				TEST_TARGET_NAME = "Parking App";
				USES_XCTRUNNER = YES;
			};
			name = Release;
		};
/* End XCBuildConfiguration section */

/* Begin XCConfigurationList section */
		5F1CB1F51C56552C00650671 /* Build configuration list for PBXProject "Parking App" */ = {
			isa = XCConfigurationList;
			buildConfigurations = (
				5F1CB2251C56552C00650671 /* Debug */,
				5F1CB2261C56552C00650671 /* Release */,
			);
			defaultConfigurationIsVisible = 0;
			defaultConfigurationName = Release;
		};
		5F1CB2271C56552C00650671 /* Build configuration list for PBXNativeTarget "Parking App" */ = {
			isa = XCConfigurationList;
			buildConfigurations = (
				5F1CB2281C56552C00650671 /* Debug */,
				5F1CB2291C56552C00650671 /* Release */,
			);
			defaultConfigurationIsVisible = 0;
			defaultConfigurationName = Release;
		};
		5F1CB22A1C56552C00650671 /* Build configuration list for PBXNativeTarget "Parking AppTests" */ = {
			isa = XCConfigurationList;
			buildConfigurations = (
				5F1CB22B1C56552C00650671 /* Debug */,
				5F1CB22C1C56552C00650671 /* Release */,
			);
			defaultConfigurationIsVisible = 0;
			defaultConfigurationName = Release;
		};
		5F1CB22D1C56552C00650671 /* Build configuration list for PBXNativeTarget "Parking AppUITests" */ = {
			isa = XCConfigurationList;
			buildConfigurations = (
				5F1CB22E1C56552C00650671 /* Debug */,
				5F1CB22F1C56552C00650671 /* Release */,
			);
			defaultConfigurationIsVisible = 0;
			defaultConfigurationName = Release;
		};
/* End XCConfigurationList section */
	};
	rootObject = 5F1CB1F21C56552C00650671 /* Project object */;
}
